
Microsoft Visual Studio Solution File, Format Version 12.00
# Visual Studio 14
VisualStudioVersion = 14.0.23107.0
MinimumVisualStudioVersion = 10.0.40219.1
Project("{FAE04EC0-301F-11D3-BF4B-00C04F79EFBC}") = "ConsoleExample", "ConsoleExample\ConsoleExample.csproj", "{2702089B-C0C2-4F99-A4A1-2A9BF2EB2A69}"
EndProject
Project("{FAE04EC0-301F-11D3-BF4B-00C04F79EFBC}") = "AFSDK.Rx", "AFSDK.Rx\AFSDK.Rx.csproj", "{C4F4AF22-4E20-48DD-8185-459BBFC5B205}"
EndProject
Global
	GlobalSection(SolutionConfigurationPlatforms) = preSolution
		Debug|Any CPU = Debug|Any CPU
		Release|Any CPU = Release|Any CPU
	EndGlobalSection
	GlobalSection(ProjectConfigurationPlatforms) = postSolution
		{2702089B-C0C2-4F99-A4A1-2A9BF2EB2A69}.Debug|Any CPU.ActiveCfg = Debug|Any CPU
		{2702089B-C0C2-4F99-A4A1-2A9BF2EB2A69}.Debug|Any CPU.Build.0 = Debug|Any CPU
		{2702089B-C0C2-4F99-A4A1-2A9BF2EB2A69}.Release|Any CPU.ActiveCfg = Release|Any CPU
		{2702089B-C0C2-4F99-A4A1-2A9BF2EB2A69}.Release|Any CPU.Build.0 = Release|Any CPU
		{C4F4AF22-4E20-48DD-8185-459BBFC5B205}.Debug|Any CPU.ActiveCfg = Debug|Any CPU
		{C4F4AF22-4E20-48DD-8185-459BBFC5B205}.Debug|Any CPU.Build.0 = Debug|Any CPU
		{C4F4AF22-4E20-48DD-8185-459BBFC5B205}.Release|Any CPU.ActiveCfg = Release|Any CPU
		{C4F4AF22-4E20-48DD-8185-459BBFC5B205}.Release|Any CPU.Build.0 = Release|Any CPU
	EndGlobalSection
	GlobalSection(SolutionProperties) = preSolution
		HideSolutionNode = FALSE
	EndGlobalSection
EndGlobal
